
Microsoft Visual Studio Solution File, Format Version 12.00
# Visual Studio Version 17
VisualStudioVersion = 17.10.35013.160
MinimumVisualStudioVersion = 10.0.40219.1
Project("{FAE04EC0-301F-11D3-BF4B-00C04F79EFBC}") = "PrimeiroProjeto", "PrimeiroProjeto\PrimeiroProjeto.csproj", "{13D318BB-A2A2-492C-A4A5-34F8C9C58CD7}"
EndProject
Global
	GlobalSection(SolutionConfigurationPlatforms) = preSolution
		Debug|Any CPU = Debug|Any CPU
		Release|Any CPU = Release|Any CPU
	EndGlobalSection
	GlobalSection(ProjectConfigurationPlatforms) = postSolution
		{13D318BB-A2A2-492C-A4A5-34F8C9C58CD7}.Debug|Any CPU.ActiveCfg = Debug|Any CPU
		{13D318BB-A2A2-492C-A4A5-34F8C9C58CD7}.Debug|Any CPU.Build.0 = Debug|Any CPU
		{13D318BB-A2A2-492C-A4A5-34F8C9C58CD7}.Release|Any CPU.ActiveCfg = Release|Any CPU
		{13D318BB-A2A2-492C-A4A5-34F8C9C58CD7}.Release|Any CPU.Build.0 = Release|Any CPU
	EndGlobalSection
	GlobalSection(SolutionProperties) = preSolution
		HideSolutionNode = FALSE
	EndGlobalSection
	GlobalSection(ExtensibilityGlobals) = postSolution
		SolutionGuid = {3A94C01C-7190-405F-84F6-D44F1D583A46}
	EndGlobalSection
EndGlobal
